
Microsoft Visual Studio Solution File, Format Version 12.00
# Visual Studio Version 16
VisualStudioVersion = 16.0.30404.54
MinimumVisualStudioVersion = 10.0.40219.1
Project("{9A19103F-16F7-4668-BE54-9A1E7A4F7556}") = "WWDM.Data", "WWDM.Data\WWDM.Data.csproj", "{C186647D-C375-4D07-948F-190090CB56C5}"
EndProject
Project("{9A19103F-16F7-4668-BE54-9A1E7A4F7556}") = "WWDM.Util", "WWDM.Util\WWDM.Util.csproj", "{5A10856C-F553-405B-8EF5-1F93CE1DDD9C}"
EndProject
Project("{9A19103F-16F7-4668-BE54-9A1E7A4F7556}") = "WWDM.Infrastructure", "WWDM.Infrastructure\WWDM.Infrastructure.csproj", "{C7BA1062-74C4-4EFB-9B14-0AFDDDD2A364}"
EndProject
Project("{9A19103F-16F7-4668-BE54-9A1E7A4F7556}") = "WWDM.GraphQL.Server", "WWDM.GraphQL.Server\WWDM.GraphQL.Server.csproj", "{43A70ED2-47A0-4A71-94FB-005EDA5285E8}"
EndProject
Project("{9A19103F-16F7-4668-BE54-9A1E7A4F7556}") = "WWDM.GraphQL.Schema", "WWDM.GraphQL.Schema\WWDM.GraphQL.Schema.csproj", "{DA32415F-4544-4A7E-A339-8AF1A83A0E22}"
EndProject
Project("{9A19103F-16F7-4668-BE54-9A1E7A4F7556}") = "WWDM.Images", "WWDM.Images\WWDM.Images.csproj", "{912CFEAE-3FDB-4FAA-8454-57A66F64BF98}"
EndProject
Global
	GlobalSection(SolutionConfigurationPlatforms) = preSolution
		Debug|Any CPU = Debug|Any CPU
		Release|Any CPU = Release|Any CPU
	EndGlobalSection
	GlobalSection(ProjectConfigurationPlatforms) = postSolution
		{C186647D-C375-4D07-948F-190090CB56C5}.Debug|Any CPU.ActiveCfg = Debug|Any CPU
		{C186647D-C375-4D07-948F-190090CB56C5}.Debug|Any CPU.Build.0 = Debug|Any CPU
		{C186647D-C375-4D07-948F-190090CB56C5}.Release|Any CPU.ActiveCfg = Release|Any CPU
		{C186647D-C375-4D07-948F-190090CB56C5}.Release|Any CPU.Build.0 = Release|Any CPU
		{5A10856C-F553-405B-8EF5-1F93CE1DDD9C}.Debug|Any CPU.ActiveCfg = Debug|Any CPU
		{5A10856C-F553-405B-8EF5-1F93CE1DDD9C}.Debug|Any CPU.Build.0 = Debug|Any CPU
		{5A10856C-F553-405B-8EF5-1F93CE1DDD9C}.Release|Any CPU.ActiveCfg = Release|Any CPU
		{5A10856C-F553-405B-8EF5-1F93CE1DDD9C}.Release|Any CPU.Build.0 = Release|Any CPU
		{C7BA1062-74C4-4EFB-9B14-0AFDDDD2A364}.Debug|Any CPU.ActiveCfg = Debug|Any CPU
		{C7BA1062-74C4-4EFB-9B14-0AFDDDD2A364}.Debug|Any CPU.Build.0 = Debug|Any CPU
		{C7BA1062-74C4-4EFB-9B14-0AFDDDD2A364}.Release|Any CPU.ActiveCfg = Release|Any CPU
		{C7BA1062-74C4-4EFB-9B14-0AFDDDD2A364}.Release|Any CPU.Build.0 = Release|Any CPU
		{43A70ED2-47A0-4A71-94FB-005EDA5285E8}.Debug|Any CPU.ActiveCfg = Debug|Any CPU
		{43A70ED2-47A0-4A71-94FB-005EDA5285E8}.Debug|Any CPU.Build.0 = Debug|Any CPU
		{43A70ED2-47A0-4A71-94FB-005EDA5285E8}.Release|Any CPU.ActiveCfg = Release|Any CPU
		{43A70ED2-47A0-4A71-94FB-005EDA5285E8}.Release|Any CPU.Build.0 = Release|Any CPU
		{DA32415F-4544-4A7E-A339-8AF1A83A0E22}.Debug|Any CPU.ActiveCfg = Debug|Any CPU
		{DA32415F-4544-4A7E-A339-8AF1A83A0E22}.Debug|Any CPU.Build.0 = Debug|Any CPU
		{DA32415F-4544-4A7E-A339-8AF1A83A0E22}.Release|Any CPU.ActiveCfg = Release|Any CPU
		{DA32415F-4544-4A7E-A339-8AF1A83A0E22}.Release|Any CPU.Build.0 = Release|Any CPU
		{912CFEAE-3FDB-4FAA-8454-57A66F64BF98}.Debug|Any CPU.ActiveCfg = Debug|Any CPU
		{912CFEAE-3FDB-4FAA-8454-57A66F64BF98}.Debug|Any CPU.Build.0 = Debug|Any CPU
		{912CFEAE-3FDB-4FAA-8454-57A66F64BF98}.Release|Any CPU.ActiveCfg = Release|Any CPU
		{912CFEAE-3FDB-4FAA-8454-57A66F64BF98}.Release|Any CPU.Build.0 = Release|Any CPU
	EndGlobalSection
	GlobalSection(SolutionProperties) = preSolution
		HideSolutionNode = FALSE
	EndGlobalSection
	GlobalSection(ExtensibilityGlobals) = postSolution
		SolutionGuid = {7950878F-6EC4-4CDA-A11C-C0BE0A4F740C}
	EndGlobalSection
EndGlobal
